
Microsoft Visual Studio Solution File, Format Version 12.00
Project("{FAE04EC0-301F-11D3-BF4B-00C04F79EFBC}") = "Maui.Plugin.SimpleAppIntro.Samples", "Maui.Plugin.SimpleAppIntro.Samples\Maui.Plugin.SimpleAppIntro.Samples.csproj", "{FE1622E8-110E-4C0B-B52B-EB556AEEF000}"
EndProject
Project("{FAE04EC0-301F-11D3-BF4B-00C04F79EFBC}") = "Maui.Plugin.SimpleAppIntro", "..\Maui.Plugin.SimpleAppIntro\Maui.Plugin.SimpleAppIntro.csproj", "{509D5185-78D2-4435-9F34-052270D49B8A}"
EndProject
Global
	GlobalSection(SolutionConfigurationPlatforms) = preSolution
		Debug|Any CPU = Debug|Any CPU
		Release|Any CPU = Release|Any CPU
	EndGlobalSection
	GlobalSection(ProjectConfigurationPlatforms) = postSolution
		{FE1622E8-110E-4C0B-B52B-EB556AEEF000}.Debug|Any CPU.ActiveCfg = Debug|Any CPU
		{FE1622E8-110E-4C0B-B52B-EB556AEEF000}.Debug|Any CPU.Build.0 = Debug|Any CPU
		{FE1622E8-110E-4C0B-B52B-EB556AEEF000}.Release|Any CPU.ActiveCfg = Release|Any CPU
		{FE1622E8-110E-4C0B-B52B-EB556AEEF000}.Release|Any CPU.Build.0 = Release|Any CPU
		{509D5185-78D2-4435-9F34-052270D49B8A}.Debug|Any CPU.ActiveCfg = Debug|Any CPU
		{509D5185-78D2-4435-9F34-052270D49B8A}.Debug|Any CPU.Build.0 = Debug|Any CPU
		{509D5185-78D2-4435-9F34-052270D49B8A}.Release|Any CPU.ActiveCfg = Release|Any CPU
		{509D5185-78D2-4435-9F34-052270D49B8A}.Release|Any CPU.Build.0 = Release|Any CPU
	EndGlobalSection
EndGlobal
